
Microsoft Visual Studio Solution File, Format Version 12.00
# Visual Studio Version 16
VisualStudioVersion = 16.0.30804.86
MinimumVisualStudioVersion = 10.0.40219.1
Project("{FAE04EC0-301F-11D3-BF4B-00C04F79EFBC}") = "AppCalculadora", "AppCalculadora\AppCalculadora.csproj", "{35EEE706-D29B-465A-9224-73D80A5E59F9}"
EndProject
Global
	GlobalSection(SolutionConfigurationPlatforms) = preSolution
		Debug|Any CPU = Debug|Any CPU
		Release|Any CPU = Release|Any CPU
	EndGlobalSection
	GlobalSection(ProjectConfigurationPlatforms) = postSolution
		{35EEE706-D29B-465A-9224-73D80A5E59F9}.Debug|Any CPU.ActiveCfg = Debug|Any CPU
		{35EEE706-D29B-465A-9224-73D80A5E59F9}.Debug|Any CPU.Build.0 = Debug|Any CPU
		{35EEE706-D29B-465A-9224-73D80A5E59F9}.Release|Any CPU.ActiveCfg = Release|Any CPU
		{35EEE706-D29B-465A-9224-73D80A5E59F9}.Release|Any CPU.Build.0 = Release|Any CPU
	EndGlobalSection
	GlobalSection(SolutionProperties) = preSolution
		HideSolutionNode = FALSE
	EndGlobalSection
	GlobalSection(ExtensibilityGlobals) = postSolution
		SolutionGuid = {FF3A0D06-DE61-4234-BC66-6261B45A1A05}
	EndGlobalSection
EndGlobal
